
Microsoft Visual Studio Solution File, Format Version 12.00
# Visual Studio Version 17
VisualStudioVersion = 17.5.33627.172
MinimumVisualStudioVersion = 10.0.40219.1
Project("{FAE04EC0-301F-11D3-BF4B-00C04F79EFBC}") = "odev proje", "odev proje\odev proje.csproj", "{6C4098FB-EDAA-49CD-8610-9A4E92C5DF3E}"
EndProject
Global
	GlobalSection(SolutionConfigurationPlatforms) = preSolution
		Debug|Any CPU = Debug|Any CPU
		Release|Any CPU = Release|Any CPU
	EndGlobalSection
	GlobalSection(ProjectConfigurationPlatforms) = postSolution
		{6C4098FB-EDAA-49CD-8610-9A4E92C5DF3E}.Debug|Any CPU.ActiveCfg = Debug|Any CPU
		{6C4098FB-EDAA-49CD-8610-9A4E92C5DF3E}.Debug|Any CPU.Build.0 = Debug|Any CPU
		{6C4098FB-EDAA-49CD-8610-9A4E92C5DF3E}.Release|Any CPU.ActiveCfg = Release|Any CPU
		{6C4098FB-EDAA-49CD-8610-9A4E92C5DF3E}.Release|Any CPU.Build.0 = Release|Any CPU
	EndGlobalSection
	GlobalSection(SolutionProperties) = preSolution
		HideSolutionNode = FALSE
	EndGlobalSection
	GlobalSection(ExtensibilityGlobals) = postSolution
		SolutionGuid = {622E1268-5953-4A0B-AA35-E387F3E11606}
	EndGlobalSection
EndGlobal
